
Microsoft Visual Studio Solution File, Format Version 12.00
# Visual Studio Version 16
VisualStudioVersion = 16.0.29306.81
MinimumVisualStudioVersion = 10.0.40219.1
Project("{9A19103F-16F7-4668-BE54-9A1E7A4F7556}") = "CrystalClear", "CrystalClear\CrystalClear.csproj", "{95CE2BC4-7AF0-4F4A-8BA4-5CA02AC764B6}"
EndProject
Project("{2150E333-8FDC-42A3-9474-1A3956D46DE8}") = "Scripting Projects", "Scripting Projects", "{7AB0E6CC-9863-4AE8-B7EB-681067CF8C73}"
EndProject
Project("{2150E333-8FDC-42A3-9474-1A3956D46DE8}") = "Testing", "Testing", "{E9946809-5FF0-4CDC-A8E9-0F6E4E7A78A5}"
EndProject
Project("{2150E333-8FDC-42A3-9474-1A3956D46DE8}") = "User Interaction", "User Interaction", "{C6AA185B-2A75-4A98-B99D-8B67C97CE00B}"
EndProject
Project("{FAE04EC0-301F-11D3-BF4B-00C04F79EFBC}") = "Compiling", "Scripting Projects\ScriptingEngine\Compiling.csproj", "{B1D01C71-DAEC-4A94-88EC-F403F90FE824}"
EndProject
Project("{9A19103F-16F7-4668-BE54-9A1E7A4F7556}") = "Scripts", "Scripting Projects\Scripts\Scripts.csproj", "{BB670F71-784E-4548-84E9-2E023D6350FB}"
EndProject
Project("{FAE04EC0-301F-11D3-BF4B-00C04F79EFBC}") = "UI", "User Interaction\UI\UI.csproj", "{8ED3114A-A2D3-445C-8FCB-BD68AEDDE69B}"
EndProject
Project("{9A19103F-16F7-4668-BE54-9A1E7A4F7556}") = "ProjectManagement", "User Interaction\ProjectManagement\ProjectManagement.csproj", "{E9EA35FC-357B-408D-8C69-AB88FD0990E3}"
EndProject
Project("{FAE04EC0-301F-11D3-BF4B-00C04F79EFBC}") = "UnitTesting", "UnitTesting\UnitTesting.csproj", "{43CEE79B-ED44-4CF9-850B-CA9EAA3143BB}"
EndProject
Project("{FAE04EC0-301F-11D3-BF4B-00C04F79EFBC}") = "Standard", "Scripting Projects\Standard\Standard.csproj", "{F01C3295-9E47-48F3-8EDB-81042B4F261C}"
EndProject
Project("{FAE04EC0-301F-11D3-BF4B-00C04F79EFBC}") = "ScriptUtilities", "Scripting Projects\ScriptUtilities\ScriptUtilities.csproj", "{87FFF9E3-3922-4098-92EB-F53237B11353}"
EndProject
Project("{FAE04EC0-301F-11D3-BF4B-00C04F79EFBC}") = "EventSystem", "Scripting Projects\EventSystem\EventSystem.csproj", "{5FFF5362-4EB6-4776-8A7D-6557E41C7538}"
EndProject
Project("{FAE04EC0-301F-11D3-BF4B-00C04F79EFBC}") = "HierarchySystem", "Scripting Projects\HierarchySystem\HierarchySystem.csproj", "{582C8329-B9B7-4B8D-91F0-B929B4A6D2D8}"
EndProject
Project("{FAE04EC0-301F-11D3-BF4B-00C04F79EFBC}") = "Main", "Main\Main.csproj", "{CA1447F1-F165-4A1E-8B3C-C985D8905F91}"
EndProject
Global
	GlobalSection(SolutionConfigurationPlatforms) = preSolution
		Debug|Any CPU = Debug|Any CPU
		Release|Any CPU = Release|Any CPU
	EndGlobalSection
	GlobalSection(ProjectConfigurationPlatforms) = postSolution
		{95CE2BC4-7AF0-4F4A-8BA4-5CA02AC764B6}.Debug|Any CPU.ActiveCfg = Debug|Any CPU
		{95CE2BC4-7AF0-4F4A-8BA4-5CA02AC764B6}.Debug|Any CPU.Build.0 = Debug|Any CPU
		{95CE2BC4-7AF0-4F4A-8BA4-5CA02AC764B6}.Release|Any CPU.ActiveCfg = Release|Any CPU
		{95CE2BC4-7AF0-4F4A-8BA4-5CA02AC764B6}.Release|Any CPU.Build.0 = Release|Any CPU
		{B1D01C71-DAEC-4A94-88EC-F403F90FE824}.Debug|Any CPU.ActiveCfg = Debug|Any CPU
		{B1D01C71-DAEC-4A94-88EC-F403F90FE824}.Debug|Any CPU.Build.0 = Debug|Any CPU
		{B1D01C71-DAEC-4A94-88EC-F403F90FE824}.Release|Any CPU.ActiveCfg = Release|Any CPU
		{B1D01C71-DAEC-4A94-88EC-F403F90FE824}.Release|Any CPU.Build.0 = Release|Any CPU
		{BB670F71-784E-4548-84E9-2E023D6350FB}.Debug|Any CPU.ActiveCfg = Debug|Any CPU
		{BB670F71-784E-4548-84E9-2E023D6350FB}.Debug|Any CPU.Build.0 = Debug|Any CPU
		{BB670F71-784E-4548-84E9-2E023D6350FB}.Release|Any CPU.ActiveCfg = Release|Any CPU
		{BB670F71-784E-4548-84E9-2E023D6350FB}.Release|Any CPU.Build.0 = Release|Any CPU
		{8ED3114A-A2D3-445C-8FCB-BD68AEDDE69B}.Debug|Any CPU.ActiveCfg = Debug|Any CPU
		{8ED3114A-A2D3-445C-8FCB-BD68AEDDE69B}.Debug|Any CPU.Build.0 = Debug|Any CPU
		{8ED3114A-A2D3-445C-8FCB-BD68AEDDE69B}.Release|Any CPU.ActiveCfg = Release|Any CPU
		{8ED3114A-A2D3-445C-8FCB-BD68AEDDE69B}.Release|Any CPU.Build.0 = Release|Any CPU
		{E9EA35FC-357B-408D-8C69-AB88FD0990E3}.Debug|Any CPU.ActiveCfg = Debug|Any CPU
		{E9EA35FC-357B-408D-8C69-AB88FD0990E3}.Debug|Any CPU.Build.0 = Debug|Any CPU
		{E9EA35FC-357B-408D-8C69-AB88FD0990E3}.Release|Any CPU.ActiveCfg = Release|Any CPU
		{E9EA35FC-357B-408D-8C69-AB88FD0990E3}.Release|Any CPU.Build.0 = Release|Any CPU
		{43CEE79B-ED44-4CF9-850B-CA9EAA3143BB}.Debug|Any CPU.ActiveCfg = Debug|Any CPU
		{43CEE79B-ED44-4CF9-850B-CA9EAA3143BB}.Debug|Any CPU.Build.0 = Debug|Any CPU
		{43CEE79B-ED44-4CF9-850B-CA9EAA3143BB}.Release|Any CPU.ActiveCfg = Release|Any CPU
		{43CEE79B-ED44-4CF9-850B-CA9EAA3143BB}.Release|Any CPU.Build.0 = Release|Any CPU
		{F01C3295-9E47-48F3-8EDB-81042B4F261C}.Debug|Any CPU.ActiveCfg = Debug|Any CPU
		{F01C3295-9E47-48F3-8EDB-81042B4F261C}.Debug|Any CPU.Build.0 = Debug|Any CPU
		{F01C3295-9E47-48F3-8EDB-81042B4F261C}.Release|Any CPU.ActiveCfg = Release|Any CPU
		{F01C3295-9E47-48F3-8EDB-81042B4F261C}.Release|Any CPU.Build.0 = Release|Any CPU
		{87FFF9E3-3922-4098-92EB-F53237B11353}.Debug|Any CPU.ActiveCfg = Debug|Any CPU
		{87FFF9E3-3922-4098-92EB-F53237B11353}.Debug|Any CPU.Build.0 = Debug|Any CPU
		{87FFF9E3-3922-4098-92EB-F53237B11353}.Release|Any CPU.ActiveCfg = Release|Any CPU
		{87FFF9E3-3922-4098-92EB-F53237B11353}.Release|Any CPU.Build.0 = Release|Any CPU
		{5FFF5362-4EB6-4776-8A7D-6557E41C7538}.Debug|Any CPU.ActiveCfg = Debug|Any CPU
		{5FFF5362-4EB6-4776-8A7D-6557E41C7538}.Debug|Any CPU.Build.0 = Debug|Any CPU
		{5FFF5362-4EB6-4776-8A7D-6557E41C7538}.Release|Any CPU.ActiveCfg = Release|Any CPU
		{5FFF5362-4EB6-4776-8A7D-6557E41C7538}.Release|Any CPU.Build.0 = Release|Any CPU
		{582C8329-B9B7-4B8D-91F0-B929B4A6D2D8}.Debug|Any CPU.ActiveCfg = Debug|Any CPU
		{582C8329-B9B7-4B8D-91F0-B929B4A6D2D8}.Debug|Any CPU.Build.0 = Debug|Any CPU
		{582C8329-B9B7-4B8D-91F0-B929B4A6D2D8}.Release|Any CPU.ActiveCfg = Release|Any CPU
		{582C8329-B9B7-4B8D-91F0-B929B4A6D2D8}.Release|Any CPU.Build.0 = Release|Any CPU
		{CA1447F1-F165-4A1E-8B3C-C985D8905F91}.Debug|Any CPU.ActiveCfg = Debug|Any CPU
		{CA1447F1-F165-4A1E-8B3C-C985D8905F91}.Debug|Any CPU.Build.0 = Debug|Any CPU
		{CA1447F1-F165-4A1E-8B3C-C985D8905F91}.Release|Any CPU.ActiveCfg = Release|Any CPU
		{CA1447F1-F165-4A1E-8B3C-C985D8905F91}.Release|Any CPU.Build.0 = Release|Any CPU
	EndGlobalSection
	GlobalSection(SolutionProperties) = preSolution
		HideSolutionNode = FALSE
	EndGlobalSection
	GlobalSection(NestedProjects) = preSolution
		{95CE2BC4-7AF0-4F4A-8BA4-5CA02AC764B6} = {C6AA185B-2A75-4A98-B99D-8B67C97CE00B}
		{B1D01C71-DAEC-4A94-88EC-F403F90FE824} = {7AB0E6CC-9863-4AE8-B7EB-681067CF8C73}
		{BB670F71-784E-4548-84E9-2E023D6350FB} = {7AB0E6CC-9863-4AE8-B7EB-681067CF8C73}
		{8ED3114A-A2D3-445C-8FCB-BD68AEDDE69B} = {C6AA185B-2A75-4A98-B99D-8B67C97CE00B}
		{E9EA35FC-357B-408D-8C69-AB88FD0990E3} = {C6AA185B-2A75-4A98-B99D-8B67C97CE00B}
		{43CEE79B-ED44-4CF9-850B-CA9EAA3143BB} = {E9946809-5FF0-4CDC-A8E9-0F6E4E7A78A5}
		{F01C3295-9E47-48F3-8EDB-81042B4F261C} = {7AB0E6CC-9863-4AE8-B7EB-681067CF8C73}
		{87FFF9E3-3922-4098-92EB-F53237B11353} = {7AB0E6CC-9863-4AE8-B7EB-681067CF8C73}
		{5FFF5362-4EB6-4776-8A7D-6557E41C7538} = {7AB0E6CC-9863-4AE8-B7EB-681067CF8C73}
		{582C8329-B9B7-4B8D-91F0-B929B4A6D2D8} = {7AB0E6CC-9863-4AE8-B7EB-681067CF8C73}
	EndGlobalSection
	GlobalSection(ExtensibilityGlobals) = postSolution
		SolutionGuid = {7387A616-2E87-478B-8CD1-337574F927AC}
	EndGlobalSection
EndGlobal
