
Microsoft Visual Studio Solution File, Format Version 12.00
# Visual Studio Version 16
VisualStudioVersion = 16.0.29306.81
MinimumVisualStudioVersion = 10.0.40219.1
Project("{9A19103F-16F7-4668-BE54-9A1E7A4F7556}") = "CrystalClear", "CrystalClear\CrystalClear.csproj", "{95CE2BC4-7AF0-4F4A-8BA4-5CA02AC764B6}"
EndProject
Project("{2150E333-8FDC-42A3-9474-1A3956D46DE8}") = "Solution Items", "Solution Items", "{707A9590-0317-4F2C-ABD0-9F4AECEDD6A0}"
	ProjectSection(SolutionItems) = preProject
		.editorconfig = .editorconfig
	EndProjectSection
EndProject
Project("{9A19103F-16F7-4668-BE54-9A1E7A4F7556}") = "EditorMain", "EditorMain\EditorMain.csproj", "{0F7EE664-BAE3-4846-9407-F76EA10520E7}"
EndProject
Project("{9A19103F-16F7-4668-BE54-9A1E7A4F7556}") = "SerializationSystem", "SerializationSystem\SerializationSystem.csproj", "{AC98B59C-35AD-497D-8CCE-7BBF0F10F97A}"
EndProject
Project("{9A19103F-16F7-4668-BE54-9A1E7A4F7556}") = "UnitTesting", "UnitTesting\UnitTesting.csproj", "{D2BAAA5F-73C4-4887-97E5-0F909520A131}"
EndProject
Project("{9A19103F-16F7-4668-BE54-9A1E7A4F7556}") = "RuntimeMain", "RuntimeMain\RuntimeMain.csproj", "{E37A743E-66E2-4491-95E8-1C3C7E2FC67F}"
EndProject
Project("{2150E333-8FDC-42A3-9474-1A3956D46DE8}") = "Scripting Projects", "Scripting Projects", "{DD1D25EF-662B-40ED-BCC0-628371E6BA4B}"
EndProject
Project("{9A19103F-16F7-4668-BE54-9A1E7A4F7556}") = "CompilationSystem", "CompilationSystem\CompilationSystem.csproj", "{9E52AC0B-DC1E-463B-A4FF-21CD41D59A31}"
EndProject
Project("{9A19103F-16F7-4668-BE54-9A1E7A4F7556}") = "EventSystem", "EventSystem\EventSystem.csproj", "{7A3BB277-F89B-41E9-B849-23B04C697907}"
EndProject
Project("{9A19103F-16F7-4668-BE54-9A1E7A4F7556}") = "HierarchySystem", "HierarchySystem\HierarchySystem.csproj", "{E0D57AC6-0CF7-45EE-AD30-550A3B6B1964}"
EndProject
Project("{9A19103F-16F7-4668-BE54-9A1E7A4F7556}") = "Scripts", "Scripts\Scripts.csproj", "{19690EB3-1A23-4AC8-A4E2-07F497329EAE}"
EndProject
Project("{9A19103F-16F7-4668-BE54-9A1E7A4F7556}") = "ScriptUtilities", "ScriptUtilities\ScriptUtilities.csproj", "{E4583415-85D6-4D8C-9CB3-9FF6169ADD04}"
EndProject
Project("{9A19103F-16F7-4668-BE54-9A1E7A4F7556}") = "Standard", "Standard\Standard.csproj", "{F12A840A-B510-4A1C-9F57-2157233956BB}"
EndProject
Project("{9A19103F-16F7-4668-BE54-9A1E7A4F7556}") = "ECSSystem", "ECSSystem\ECSSystem.csproj", "{4133CA7C-2D3E-45A5-8D0D-35913326154A}"
EndProject
Project("{9A19103F-16F7-4668-BE54-9A1E7A4F7556}") = "MessageSystem", "MessageSystem\MessageSystem.csproj", "{CED6F086-B511-454A-90A9-ACF3BF462EED}"
EndProject
Project("{2150E333-8FDC-42A3-9474-1A3956D46DE8}") = "Editor", "Editor", "{B95B9135-9132-40E9-AD94-D4BAD58BB3B2}"
EndProject
Project("{2150E333-8FDC-42A3-9474-1A3956D46DE8}") = "Runtime", "Runtime", "{7D80637D-56D4-4829-9101-88ADC4109F41}"
EndProject
Project("{9A19103F-16F7-4668-BE54-9A1E7A4F7556}") = "Benchmarking", "Benchmarking\Benchmarking.csproj", "{824C695C-9709-4563-91D0-2980C49A75CA}"
EndProject
Project("{9A19103F-16F7-4668-BE54-9A1E7A4F7556}") = "RenderEngine2D", "2DRenderEngine\RenderEngine2D.csproj", "{C07BE65C-307B-4534-9D5D-4ED98F82F0DE}"
EndProject
Project("{9A19103F-16F7-4668-BE54-9A1E7A4F7556}") = "WindowingSystem", "WindowingSystem\WindowingSystem.csproj", "{AB9556BF-80D3-4F71-A73D-714A1B75597E}"
EndProject
Project("{9A19103F-16F7-4668-BE54-9A1E7A4F7556}") = "UserInterface", "UserInterface\UserInterface.csproj", "{B516B48D-9BA5-42CA-B642-D62F47A76BAD}"
EndProject
Project("{FAE04EC0-301F-11D3-BF4B-00C04F79EFBC}") = "RenderEngine3D", "RenderEngine3D\RenderEngine3D.csproj", "{B30F44FB-AC92-404F-8914-5676EDEDCCF0}"
EndProject
Global
	GlobalSection(SolutionConfigurationPlatforms) = preSolution
		Debug|Any CPU = Debug|Any CPU
		Release|Any CPU = Release|Any CPU
	EndGlobalSection
	GlobalSection(ProjectConfigurationPlatforms) = postSolution
		{95CE2BC4-7AF0-4F4A-8BA4-5CA02AC764B6}.Debug|Any CPU.ActiveCfg = Debug|Any CPU
		{95CE2BC4-7AF0-4F4A-8BA4-5CA02AC764B6}.Debug|Any CPU.Build.0 = Debug|Any CPU
		{95CE2BC4-7AF0-4F4A-8BA4-5CA02AC764B6}.Release|Any CPU.ActiveCfg = Release|Any CPU
		{95CE2BC4-7AF0-4F4A-8BA4-5CA02AC764B6}.Release|Any CPU.Build.0 = Release|Any CPU
		{0F7EE664-BAE3-4846-9407-F76EA10520E7}.Debug|Any CPU.ActiveCfg = Debug|Any CPU
		{0F7EE664-BAE3-4846-9407-F76EA10520E7}.Debug|Any CPU.Build.0 = Debug|Any CPU
		{0F7EE664-BAE3-4846-9407-F76EA10520E7}.Release|Any CPU.ActiveCfg = Release|Any CPU
		{0F7EE664-BAE3-4846-9407-F76EA10520E7}.Release|Any CPU.Build.0 = Release|Any CPU
		{AC98B59C-35AD-497D-8CCE-7BBF0F10F97A}.Debug|Any CPU.ActiveCfg = Debug|Any CPU
		{AC98B59C-35AD-497D-8CCE-7BBF0F10F97A}.Debug|Any CPU.Build.0 = Debug|Any CPU
		{AC98B59C-35AD-497D-8CCE-7BBF0F10F97A}.Release|Any CPU.ActiveCfg = Release|Any CPU
		{AC98B59C-35AD-497D-8CCE-7BBF0F10F97A}.Release|Any CPU.Build.0 = Release|Any CPU
		{D2BAAA5F-73C4-4887-97E5-0F909520A131}.Debug|Any CPU.ActiveCfg = Debug|Any CPU
		{D2BAAA5F-73C4-4887-97E5-0F909520A131}.Debug|Any CPU.Build.0 = Debug|Any CPU
		{D2BAAA5F-73C4-4887-97E5-0F909520A131}.Release|Any CPU.ActiveCfg = Release|Any CPU
		{D2BAAA5F-73C4-4887-97E5-0F909520A131}.Release|Any CPU.Build.0 = Release|Any CPU
		{E37A743E-66E2-4491-95E8-1C3C7E2FC67F}.Debug|Any CPU.ActiveCfg = Debug|Any CPU
		{E37A743E-66E2-4491-95E8-1C3C7E2FC67F}.Debug|Any CPU.Build.0 = Debug|Any CPU
		{E37A743E-66E2-4491-95E8-1C3C7E2FC67F}.Release|Any CPU.ActiveCfg = Release|Any CPU
		{E37A743E-66E2-4491-95E8-1C3C7E2FC67F}.Release|Any CPU.Build.0 = Release|Any CPU
		{9E52AC0B-DC1E-463B-A4FF-21CD41D59A31}.Debug|Any CPU.ActiveCfg = Debug|Any CPU
		{9E52AC0B-DC1E-463B-A4FF-21CD41D59A31}.Debug|Any CPU.Build.0 = Debug|Any CPU
		{9E52AC0B-DC1E-463B-A4FF-21CD41D59A31}.Release|Any CPU.ActiveCfg = Release|Any CPU
		{9E52AC0B-DC1E-463B-A4FF-21CD41D59A31}.Release|Any CPU.Build.0 = Release|Any CPU
		{7A3BB277-F89B-41E9-B849-23B04C697907}.Debug|Any CPU.ActiveCfg = Debug|Any CPU
		{7A3BB277-F89B-41E9-B849-23B04C697907}.Debug|Any CPU.Build.0 = Debug|Any CPU
		{7A3BB277-F89B-41E9-B849-23B04C697907}.Release|Any CPU.ActiveCfg = Release|Any CPU
		{7A3BB277-F89B-41E9-B849-23B04C697907}.Release|Any CPU.Build.0 = Release|Any CPU
		{E0D57AC6-0CF7-45EE-AD30-550A3B6B1964}.Debug|Any CPU.ActiveCfg = Debug|Any CPU
		{E0D57AC6-0CF7-45EE-AD30-550A3B6B1964}.Debug|Any CPU.Build.0 = Debug|Any CPU
		{E0D57AC6-0CF7-45EE-AD30-550A3B6B1964}.Release|Any CPU.ActiveCfg = Release|Any CPU
		{E0D57AC6-0CF7-45EE-AD30-550A3B6B1964}.Release|Any CPU.Build.0 = Release|Any CPU
		{19690EB3-1A23-4AC8-A4E2-07F497329EAE}.Debug|Any CPU.ActiveCfg = Debug|Any CPU
		{19690EB3-1A23-4AC8-A4E2-07F497329EAE}.Debug|Any CPU.Build.0 = Debug|Any CPU
		{19690EB3-1A23-4AC8-A4E2-07F497329EAE}.Release|Any CPU.ActiveCfg = Release|Any CPU
		{19690EB3-1A23-4AC8-A4E2-07F497329EAE}.Release|Any CPU.Build.0 = Release|Any CPU
		{E4583415-85D6-4D8C-9CB3-9FF6169ADD04}.Debug|Any CPU.ActiveCfg = Debug|Any CPU
		{E4583415-85D6-4D8C-9CB3-9FF6169ADD04}.Debug|Any CPU.Build.0 = Debug|Any CPU
		{E4583415-85D6-4D8C-9CB3-9FF6169ADD04}.Release|Any CPU.ActiveCfg = Release|Any CPU
		{E4583415-85D6-4D8C-9CB3-9FF6169ADD04}.Release|Any CPU.Build.0 = Release|Any CPU
		{F12A840A-B510-4A1C-9F57-2157233956BB}.Debug|Any CPU.ActiveCfg = Debug|Any CPU
		{F12A840A-B510-4A1C-9F57-2157233956BB}.Debug|Any CPU.Build.0 = Debug|Any CPU
		{F12A840A-B510-4A1C-9F57-2157233956BB}.Release|Any CPU.ActiveCfg = Release|Any CPU
		{F12A840A-B510-4A1C-9F57-2157233956BB}.Release|Any CPU.Build.0 = Release|Any CPU
		{4133CA7C-2D3E-45A5-8D0D-35913326154A}.Debug|Any CPU.ActiveCfg = Debug|Any CPU
		{4133CA7C-2D3E-45A5-8D0D-35913326154A}.Debug|Any CPU.Build.0 = Debug|Any CPU
		{4133CA7C-2D3E-45A5-8D0D-35913326154A}.Release|Any CPU.ActiveCfg = Release|Any CPU
		{4133CA7C-2D3E-45A5-8D0D-35913326154A}.Release|Any CPU.Build.0 = Release|Any CPU
		{CED6F086-B511-454A-90A9-ACF3BF462EED}.Debug|Any CPU.ActiveCfg = Debug|Any CPU
		{CED6F086-B511-454A-90A9-ACF3BF462EED}.Debug|Any CPU.Build.0 = Debug|Any CPU
		{CED6F086-B511-454A-90A9-ACF3BF462EED}.Release|Any CPU.ActiveCfg = Release|Any CPU
		{CED6F086-B511-454A-90A9-ACF3BF462EED}.Release|Any CPU.Build.0 = Release|Any CPU
		{824C695C-9709-4563-91D0-2980C49A75CA}.Debug|Any CPU.ActiveCfg = Release|Any CPU
		{824C695C-9709-4563-91D0-2980C49A75CA}.Debug|Any CPU.Build.0 = Release|Any CPU
		{824C695C-9709-4563-91D0-2980C49A75CA}.Release|Any CPU.ActiveCfg = Release|Any CPU
		{824C695C-9709-4563-91D0-2980C49A75CA}.Release|Any CPU.Build.0 = Release|Any CPU
		{C07BE65C-307B-4534-9D5D-4ED98F82F0DE}.Debug|Any CPU.ActiveCfg = Debug|Any CPU
		{C07BE65C-307B-4534-9D5D-4ED98F82F0DE}.Debug|Any CPU.Build.0 = Debug|Any CPU
		{C07BE65C-307B-4534-9D5D-4ED98F82F0DE}.Release|Any CPU.ActiveCfg = Release|Any CPU
		{C07BE65C-307B-4534-9D5D-4ED98F82F0DE}.Release|Any CPU.Build.0 = Release|Any CPU
		{AB9556BF-80D3-4F71-A73D-714A1B75597E}.Debug|Any CPU.ActiveCfg = Debug|Any CPU
		{AB9556BF-80D3-4F71-A73D-714A1B75597E}.Debug|Any CPU.Build.0 = Debug|Any CPU
		{AB9556BF-80D3-4F71-A73D-714A1B75597E}.Release|Any CPU.ActiveCfg = Release|Any CPU
		{AB9556BF-80D3-4F71-A73D-714A1B75597E}.Release|Any CPU.Build.0 = Release|Any CPU
		{B516B48D-9BA5-42CA-B642-D62F47A76BAD}.Debug|Any CPU.ActiveCfg = Debug|Any CPU
		{B516B48D-9BA5-42CA-B642-D62F47A76BAD}.Debug|Any CPU.Build.0 = Debug|Any CPU
		{B516B48D-9BA5-42CA-B642-D62F47A76BAD}.Release|Any CPU.ActiveCfg = Release|Any CPU
		{B516B48D-9BA5-42CA-B642-D62F47A76BAD}.Release|Any CPU.Build.0 = Release|Any CPU
		{B30F44FB-AC92-404F-8914-5676EDEDCCF0}.Debug|Any CPU.ActiveCfg = Debug|Any CPU
		{B30F44FB-AC92-404F-8914-5676EDEDCCF0}.Debug|Any CPU.Build.0 = Debug|Any CPU
		{B30F44FB-AC92-404F-8914-5676EDEDCCF0}.Release|Any CPU.ActiveCfg = Release|Any CPU
		{B30F44FB-AC92-404F-8914-5676EDEDCCF0}.Release|Any CPU.Build.0 = Release|Any CPU
	EndGlobalSection
	GlobalSection(SolutionProperties) = preSolution
		HideSolutionNode = FALSE
	EndGlobalSection
	GlobalSection(NestedProjects) = preSolution
		{0F7EE664-BAE3-4846-9407-F76EA10520E7} = {B95B9135-9132-40E9-AD94-D4BAD58BB3B2}
		{E37A743E-66E2-4491-95E8-1C3C7E2FC67F} = {7D80637D-56D4-4829-9101-88ADC4109F41}
		{DD1D25EF-662B-40ED-BCC0-628371E6BA4B} = {7D80637D-56D4-4829-9101-88ADC4109F41}
		{9E52AC0B-DC1E-463B-A4FF-21CD41D59A31} = {B95B9135-9132-40E9-AD94-D4BAD58BB3B2}
		{7A3BB277-F89B-41E9-B849-23B04C697907} = {DD1D25EF-662B-40ED-BCC0-628371E6BA4B}
		{E0D57AC6-0CF7-45EE-AD30-550A3B6B1964} = {DD1D25EF-662B-40ED-BCC0-628371E6BA4B}
		{E4583415-85D6-4D8C-9CB3-9FF6169ADD04} = {DD1D25EF-662B-40ED-BCC0-628371E6BA4B}
		{F12A840A-B510-4A1C-9F57-2157233956BB} = {DD1D25EF-662B-40ED-BCC0-628371E6BA4B}
		{4133CA7C-2D3E-45A5-8D0D-35913326154A} = {DD1D25EF-662B-40ED-BCC0-628371E6BA4B}
		{CED6F086-B511-454A-90A9-ACF3BF462EED} = {DD1D25EF-662B-40ED-BCC0-628371E6BA4B}
		{C07BE65C-307B-4534-9D5D-4ED98F82F0DE} = {7D80637D-56D4-4829-9101-88ADC4109F41}
		{B516B48D-9BA5-42CA-B642-D62F47A76BAD} = {B95B9135-9132-40E9-AD94-D4BAD58BB3B2}
		{B30F44FB-AC92-404F-8914-5676EDEDCCF0} = {7D80637D-56D4-4829-9101-88ADC4109F41}
	EndGlobalSection
	GlobalSection(ExtensibilityGlobals) = postSolution
		SolutionGuid = {7387A616-2E87-478B-8CD1-337574F927AC}
	EndGlobalSection
EndGlobal
